// !$*UTF8*$!
{
	archiveVersion = 1;
	classes = {
	};
	objectVersion = 77;
	objects = {

/* Begin PBXBuildFile section */
		39D0B1572FFC8980001396A8 /* AppDelegate.swift in Sources */ = {isa = PBXBuildFile; fileRef = 39D0B1562FFC8980001396A8 /* AppDelegate.swift */; };
		39D0B15B2FFC8980001396A8 /* Main.html in Resources */ = {isa = PBXBuildFile; fileRef = 39D0B1592FFC8980001396A8 /* Main.html */; };
		39D0B15D2FFC8980001396A8 /* Icon.svg in Resources */ = {isa = PBXBuildFile; fileRef = 39D0B15C2FFC8980001396A8 /* Icon.svg */; };
		39D0B15F2FFC8980001396A8 /* Style.css in Resources */ = {isa = PBXBuildFile; fileRef = 39D0B15E2FFC8980001396A8 /* Style.css */; };
		39D0B1612FFC8980001396A8 /* Script.js in Resources */ = {isa = PBXBuildFile; fileRef = 39D0B1602FFC8980001396A8 /* Script.js */; };
		39D0B1632FFC8980001396A8 /* ViewController.swift in Sources */ = {isa = PBXBuildFile; fileRef = 39D0B1622FFC8980001396A8 /* ViewController.swift */; };
		39D0B1662FFC8980001396A8 /* Main.storyboard in Resources */ = {isa = PBXBuildFile; fileRef = 39D0B1642FFC8980001396A8 /* Main.storyboard */; };
		39D0B1682FFC8981001396A8 /* Assets.xcassets in Resources */ = {isa = PBXBuildFile; fileRef = 39D0B1672FFC8981001396A8 /* Assets.xcassets */; };
		39D0B16F2FFC8981001396A8 /* SafariEnterGuard Extension.appex in Embed Foundation Extensions */ = {isa = PBXBuildFile; fileRef = 39D0B16E2FFC8981001396A8 /* SafariEnterGuard Extension.appex */; settings = {ATTRIBUTES = (RemoveHeadersOnCopy, ); }; };
		39D0B1742FFC8981001396A8 /* SafariWebExtensionHandler.swift in Sources */ = {isa = PBXBuildFile; fileRef = 39D0B1732FFC8981001396A8 /* SafariWebExtensionHandler.swift */; };
		39D0B1832FFC8981001396A8 /* images in Resources */ = {isa = PBXBuildFile; fileRef = 39D0B1802FFC8981001396A8 /* images */; };
		39D0B1842FFC8981001396A8 /* manifest.json in Resources */ = {isa = PBXBuildFile; fileRef = 39D0B1812FFC8981001396A8 /* manifest.json */; };
		39D0B1852FFC8981001396A8 /* content.js in Resources */ = {isa = PBXBuildFile; fileRef = 39D0B1822FFC8981001396A8 /* content.js */; };
/* End PBXBuildFile section */

/* Begin PBXContainerItemProxy section */
		39D0B1702FFC8981001396A8 /* PBXContainerItemProxy */ = {
			isa = PBXContainerItemProxy;
			containerPortal = 39D0B14B2FFC897F001396A8 /* Project object */;
			proxyType = 1;
			remoteGlobalIDString = 39D0B16D2FFC8981001396A8;
			remoteInfo = "SafariEnterGuard Extension";
		};
/* End PBXContainerItemProxy section */

/* Begin PBXCopyFilesBuildPhase section */
		39D0B17B2FFC8981001396A8 /* Embed Foundation Extensions */ = {
			isa = PBXCopyFilesBuildPhase;
			buildActionMask = 2147483647;
			dstPath = "";
			dstSubfolderSpec = 13;
			files = (
				39D0B16F2FFC8981001396A8 /* SafariEnterGuard Extension.appex in Embed Foundation Extensions */,
			);
			name = "Embed Foundation Extensions";
			runOnlyForDeploymentPostprocessing = 0;
		};
/* End PBXCopyFilesBuildPhase section */

/* Begin PBXFileReference section */
		39D0B1532FFC897F001396A8 /* SafariEnterGuard.app */ = {isa = PBXFileReference; explicitFileType = wrapper.application; includeInIndex = 0; path = SafariEnterGuard.app; sourceTree = BUILT_PRODUCTS_DIR; };
		39D0B1562FFC8980001396A8 /* AppDelegate.swift */ = {isa = PBXFileReference; lastKnownFileType = sourcecode.swift; path = AppDelegate.swift; sourceTree = "<group>"; };
		39D0B15A2FFC8980001396A8 /* Base */ = {isa = PBXFileReference; lastKnownFileType = text.html; name = Base; path = Base.lproj/Main.html; sourceTree = "<group>"; };
		39D0B15C2FFC8980001396A8 /* Icon.svg */ = {isa = PBXFileReference; lastKnownFileType = text.xml; path = Icon.svg; sourceTree = "<group>"; };
		39D0B15E2FFC8980001396A8 /* Style.css */ = {isa = PBXFileReference; lastKnownFileType = text.css; path = Style.css; sourceTree = "<group>"; };
		39D0B1602FFC8980001396A8 /* Script.js */ = {isa = PBXFileReference; lastKnownFileType = sourcecode.javascript; path = Script.js; sourceTree = "<group>"; };
		39D0B1622FFC8980001396A8 /* ViewController.swift */ = {isa = PBXFileReference; lastKnownFileType = sourcecode.swift; path = ViewController.swift; sourceTree = "<group>"; };
		39D0B1652FFC8980001396A8 /* Base */ = {isa = PBXFileReference; lastKnownFileType = file.storyboard; name = Base; path = Base.lproj/Main.storyboard; sourceTree = "<group>"; };
		39D0B1672FFC8981001396A8 /* Assets.xcassets */ = {isa = PBXFileReference; lastKnownFileType = folder.assetcatalog; path = Assets.xcassets; sourceTree = "<group>"; };
		39D0B1692FFC8981001396A8 /* Info.plist */ = {isa = PBXFileReference; lastKnownFileType = text.plist.xml; path = Info.plist; sourceTree = "<group>"; };
		39D0B16E2FFC8981001396A8 /* SafariEnterGuard Extension.appex */ = {isa = PBXFileReference; explicitFileType = "wrapper.app-extension"; includeInIndex = 0; path = "SafariEnterGuard Extension.appex"; sourceTree = BUILT_PRODUCTS_DIR; };
		39D0B1732FFC8981001396A8 /* SafariWebExtensionHandler.swift */ = {isa = PBXFileReference; lastKnownFileType = sourcecode.swift; path = SafariWebExtensionHandler.swift; sourceTree = "<group>"; };
		39D0B1752FFC8981001396A8 /* Info.plist */ = {isa = PBXFileReference; lastKnownFileType = text.plist.xml; path = Info.plist; sourceTree = "<group>"; };
		39D0B1802FFC8981001396A8 /* images */ = {isa = PBXFileReference; lastKnownFileType = folder; name = images; path = Resources/images; sourceTree = "<group>"; };
		39D0B1812FFC8981001396A8 /* manifest.json */ = {isa = PBXFileReference; lastKnownFileType = text.json; name = manifest.json; path = Resources/manifest.json; sourceTree = "<group>"; };
		39D0B1822FFC8981001396A8 /* content.js */ = {isa = PBXFileReference; lastKnownFileType = sourcecode.javascript; name = content.js; path = Resources/content.js; sourceTree = "<group>"; };
/* End PBXFileReference section */

/* Begin PBXFrameworksBuildPhase section */
		39D0B1502FFC897F001396A8 /* Frameworks */ = {
			isa = PBXFrameworksBuildPhase;
			buildActionMask = 2147483647;
			files = (
			);
			runOnlyForDeploymentPostprocessing = 0;
		};
		39D0B16B2FFC8981001396A8 /* Frameworks */ = {
			isa = PBXFrameworksBuildPhase;
			buildActionMask = 2147483647;
			files = (
			);
			runOnlyForDeploymentPostprocessing = 0;
		};
/* End PBXFrameworksBuildPhase section */

/* Begin PBXGroup section */
		39D0B14A2FFC897F001396A8 = {
			isa = PBXGroup;
			children = (
				39D0B1552FFC897F001396A8 /* SafariEnterGuard */,
				39D0B1722FFC8981001396A8 /* SafariEnterGuard Extension */,
				39D0B1542FFC897F001396A8 /* Products */,
			);
			sourceTree = "<group>";
		};
		39D0B1542FFC897F001396A8 /* Products */ = {
			isa = PBXGroup;
			children = (
				39D0B1532FFC897F001396A8 /* SafariEnterGuard.app */,
				39D0B16E2FFC8981001396A8 /* SafariEnterGuard Extension.appex */,
			);
			name = Products;
			sourceTree = "<group>";
		};
		39D0B1552FFC897F001396A8 /* SafariEnterGuard */ = {
			isa = PBXGroup;
			children = (
				39D0B1562FFC8980001396A8 /* AppDelegate.swift */,
				39D0B1622FFC8980001396A8 /* ViewController.swift */,
				39D0B1642FFC8980001396A8 /* Main.storyboard */,
				39D0B1672FFC8981001396A8 /* Assets.xcassets */,
				39D0B1692FFC8981001396A8 /* Info.plist */,
				39D0B1582FFC8980001396A8 /* Resources */,
			);
			path = SafariEnterGuard;
			sourceTree = "<group>";
		};
		39D0B1582FFC8980001396A8 /* Resources */ = {
			isa = PBXGroup;
			children = (
				39D0B1592FFC8980001396A8 /* Main.html */,
				39D0B15C2FFC8980001396A8 /* Icon.svg */,
				39D0B15E2FFC8980001396A8 /* Style.css */,
				39D0B1602FFC8980001396A8 /* Script.js */,
			);
			path = Resources;
			sourceTree = "<group>";
		};
		39D0B1722FFC8981001396A8 /* SafariEnterGuard Extension */ = {
			isa = PBXGroup;
			children = (
				39D0B17F2FFC8981001396A8 /* Resources */,
				39D0B1732FFC8981001396A8 /* SafariWebExtensionHandler.swift */,
				39D0B1752FFC8981001396A8 /* Info.plist */,
			);
			path = "SafariEnterGuard Extension";
			sourceTree = "<group>";
		};
		39D0B17F2FFC8981001396A8 /* Resources */ = {
			isa = PBXGroup;
			children = (
				39D0B1802FFC8981001396A8 /* images */,
				39D0B1812FFC8981001396A8 /* manifest.json */,
				39D0B1822FFC8981001396A8 /* content.js */,
			);
			name = Resources;
			path = "SafariEnterGuard Extension";
			sourceTree = SOURCE_ROOT;
		};
/* End PBXGroup section */

/* Begin PBXNativeTarget section */
		39D0B1522FFC897F001396A8 /* SafariEnterGuard */ = {
			isa = PBXNativeTarget;
			buildConfigurationList = 39D0B17C2FFC8981001396A8 /* Build configuration list for PBXNativeTarget "SafariEnterGuard" */;
			buildPhases = (
				39D0B14F2FFC897F001396A8 /* Sources */,
				39D0B1502FFC897F001396A8 /* Frameworks */,
				39D0B1512FFC897F001396A8 /* Resources */,
				39D0B17B2FFC8981001396A8 /* Embed Foundation Extensions */,
			);
			buildRules = (
			);
			dependencies = (
				39D0B1712FFC8981001396A8 /* PBXTargetDependency */,
			);
			name = SafariEnterGuard;
			packageProductDependencies = (
			);
			productName = SafariEnterGuard;
			productReference = 39D0B1532FFC897F001396A8 /* SafariEnterGuard.app */;
			productType = "com.apple.product-type.application";
		};
		39D0B16D2FFC8981001396A8 /* SafariEnterGuard Extension */ = {
			isa = PBXNativeTarget;
			buildConfigurationList = 39D0B1782FFC8981001396A8 /* Build configuration list for PBXNativeTarget "SafariEnterGuard Extension" */;
			buildPhases = (
				39D0B16A2FFC8981001396A8 /* Sources */,
				39D0B16B2FFC8981001396A8 /* Frameworks */,
				39D0B16C2FFC8981001396A8 /* Resources */,
			);
			buildRules = (
			);
			dependencies = (
			);
			name = "SafariEnterGuard Extension";
			packageProductDependencies = (
			);
			productName = "SafariEnterGuard Extension";
			productReference = 39D0B16E2FFC8981001396A8 /* SafariEnterGuard Extension.appex */;
			productType = "com.apple.product-type.app-extension";
		};
/* End PBXNativeTarget section */

/* Begin PBXProject section */
		39D0B14B2FFC897F001396A8 /* Project object */ = {
			isa = PBXProject;
			attributes = {
				BuildIndependentTargetsInParallel = 1;
				LastSwiftUpdateCheck = 2660;
				LastUpgradeCheck = 2660;
				TargetAttributes = {
					39D0B1522FFC897F001396A8 = {
						CreatedOnToolsVersion = 26.6;
					};
					39D0B16D2FFC8981001396A8 = {
						CreatedOnToolsVersion = 26.6;
					};
				};
			};
			buildConfigurationList = 39D0B14E2FFC897F001396A8 /* Build configuration list for PBXProject "SafariEnterGuard" */;
			developmentRegion = en;
			hasScannedForEncodings = 0;
			knownRegions = (
				en,
				Base,
			);
			mainGroup = 39D0B14A2FFC897F001396A8;
			minimizedProjectReferenceProxies = 1;
			preferredProjectObjectVersion = 77;
			productRefGroup = 39D0B1542FFC897F001396A8 /* Products */;
			projectDirPath = "";
			projectRoot = "";
			targets = (
				39D0B1522FFC897F001396A8 /* SafariEnterGuard */,
				39D0B16D2FFC8981001396A8 /* SafariEnterGuard Extension */,
			);
		};
/* End PBXProject section */

/* Begin PBXResourcesBuildPhase section */
		39D0B1512FFC897F001396A8 /* Resources */ = {
			isa = PBXResourcesBuildPhase;
			buildActionMask = 2147483647;
			files = (
				39D0B15D2FFC8980001396A8 /* Icon.svg in Resources */,
				39D0B1662FFC8980001396A8 /* Main.storyboard in Resources */,
				39D0B1612FFC8980001396A8 /* Script.js in Resources */,
				39D0B15B2FFC8980001396A8 /* Main.html in Resources */,
				39D0B1682FFC8981001396A8 /* Assets.xcassets in Resources */,
				39D0B15F2FFC8980001396A8 /* Style.css in Resources */,
			);
			runOnlyForDeploymentPostprocessing = 0;
		};
		39D0B16C2FFC8981001396A8 /* Resources */ = {
			isa = PBXResourcesBuildPhase;
			buildActionMask = 2147483647;
			files = (
				39D0B1852FFC8981001396A8 /* content.js in Resources */,
				39D0B1842FFC8981001396A8 /* manifest.json in Resources */,
				39D0B1832FFC8981001396A8 /* images in Resources */,
			);
			runOnlyForDeploymentPostprocessing = 0;
		};
/* End PBXResourcesBuildPhase section */

/* Begin PBXSourcesBuildPhase section */
		39D0B14F2FFC897F001396A8 /* Sources */ = {
			isa = PBXSourcesBuildPhase;
			buildActionMask = 2147483647;
			files = (
				39D0B1632FFC8980001396A8 /* ViewController.swift in Sources */,
				39D0B1572FFC8980001396A8 /* AppDelegate.swift in Sources */,
			);
			runOnlyForDeploymentPostprocessing = 0;
		};
		39D0B16A2FFC8981001396A8 /* Sources */ = {
			isa = PBXSourcesBuildPhase;
			buildActionMask = 2147483647;
			files = (
				39D0B1742FFC8981001396A8 /* SafariWebExtensionHandler.swift in Sources */,
			);
			runOnlyForDeploymentPostprocessing = 0;
		};
/* End PBXSourcesBuildPhase section */

/* Begin PBXTargetDependency section */
		39D0B1712FFC8981001396A8 /* PBXTargetDependency */ = {
			isa = PBXTargetDependency;
			target = 39D0B16D2FFC8981001396A8 /* SafariEnterGuard Extension */;
			targetProxy = 39D0B1702FFC8981001396A8 /* PBXContainerItemProxy */;
		};
/* End PBXTargetDependency section */

/* Begin PBXVariantGroup section */
		39D0B1592FFC8980001396A8 /* Main.html */ = {
			isa = PBXVariantGroup;
			children = (
				39D0B15A2FFC8980001396A8 /* Base */,
			);
			name = Main.html;
			sourceTree = "<group>";
		};
		39D0B1642FFC8980001396A8 /* Main.storyboard */ = {
			isa = PBXVariantGroup;
			children = (
				39D0B1652FFC8980001396A8 /* Base */,
			);
			name = Main.storyboard;
			sourceTree = "<group>";
		};
/* End PBXVariantGroup section */

/* Begin XCBuildConfiguration section */
		39D0B1762FFC8981001396A8 /* Debug */ = {
			isa = XCBuildConfiguration;
			buildSettings = {
				ALWAYS_SEARCH_USER_PATHS = NO;
				ASSETCATALOG_COMPILER_GENERATE_SWIFT_ASSET_SYMBOL_EXTENSIONS = YES;
				CLANG_ANALYZER_NONNULL = YES;
				CLANG_ANALYZER_NUMBER_OBJECT_CONVERSION = YES_AGGRESSIVE;
				CLANG_CXX_LANGUAGE_STANDARD = "gnu++20";
				CLANG_ENABLE_MODULES = YES;
				CLANG_ENABLE_OBJC_ARC = YES;
				CLANG_ENABLE_OBJC_WEAK = YES;
				CLANG_WARN_BLOCK_CAPTURE_AUTORELEASING = YES;
				CLANG_WARN_BOOL_CONVERSION = YES;
				CLANG_WARN_COMMA = YES;
				CLANG_WARN_CONSTANT_CONVERSION = YES;
				CLANG_WARN_DEPRECATED_OBJC_IMPLEMENTATIONS = YES;
				CLANG_WARN_DIRECT_OBJC_ISA_USAGE = YES_ERROR;
				CLANG_WARN_DOCUMENTATION_COMMENTS = YES;
				CLANG_WARN_EMPTY_BODY = YES;
				CLANG_WARN_ENUM_CONVERSION = YES;
				CLANG_WARN_INFINITE_RECURSION = YES;
				CLANG_WARN_INT_CONVERSION = YES;
				CLANG_WARN_NON_LITERAL_NULL_CONVERSION = YES;
				CLANG_WARN_OBJC_IMPLICIT_RETAIN_SELF = YES;
				CLANG_WARN_OBJC_LITERAL_CONVERSION = YES;
				CLANG_WARN_OBJC_ROOT_CLASS = YES_ERROR;
				CLANG_WARN_QUOTED_INCLUDE_IN_FRAMEWORK_HEADER = YES;
				CLANG_WARN_RANGE_LOOP_ANALYSIS = YES;
				CLANG_WARN_STRICT_PROTOTYPES = YES;
				CLANG_WARN_SUSPICIOUS_MOVE = YES;
				CLANG_WARN_UNGUARDED_AVAILABILITY = YES_AGGRESSIVE;
				CLANG_WARN_UNREACHABLE_CODE = YES;
				CLANG_WARN__DUPLICATE_METHOD_MATCH = YES;
				COPY_PHASE_STRIP = NO;
				DEBUG_INFORMATION_FORMAT = dwarf;
				ENABLE_STRICT_OBJC_MSGSEND = YES;
				ENABLE_TESTABILITY = YES;
				ENABLE_USER_SCRIPT_SANDBOXING = YES;
				GCC_C_LANGUAGE_STANDARD = gnu17;
				GCC_DYNAMIC_NO_PIC = NO;
				GCC_NO_COMMON_BLOCKS = YES;
				GCC_OPTIMIZATION_LEVEL = 0;
				GCC_PREPROCESSOR_DEFINITIONS = (
					"DEBUG=1",
					"$(inherited)",
				);
				GCC_WARN_64_TO_32_BIT_CONVERSION = YES;
				GCC_WARN_ABOUT_RETURN_TYPE = YES_ERROR;
				GCC_WARN_UNDECLARED_SELECTOR = YES;
				GCC_WARN_UNINITIALIZED_AUTOS = YES_AGGRESSIVE;
				GCC_WARN_UNUSED_FUNCTION = YES;
				GCC_WARN_UNUSED_VARIABLE = YES;
				LOCALIZATION_PREFERS_STRING_CATALOGS = YES;
				MACOSX_DEPLOYMENT_TARGET = 11.0;
				MTL_ENABLE_DEBUG_INFO = INCLUDE_SOURCE;
				MTL_FAST_MATH = YES;
				ONLY_ACTIVE_ARCH = YES;
				SDKROOT = macosx;
				SWIFT_ACTIVE_COMPILATION_CONDITIONS = "DEBUG $(inherited)";
				SWIFT_OPTIMIZATION_LEVEL = "-Onone";
			};
			name = Debug;
		};
		39D0B1772FFC8981001396A8 /* Release */ = {
			isa = XCBuildConfiguration;
			buildSettings = {
				ALWAYS_SEARCH_USER_PATHS = NO;
				ASSETCATALOG_COMPILER_GENERATE_SWIFT_ASSET_SYMBOL_EXTENSIONS = YES;
				CLANG_ANALYZER_NONNULL = YES;
				CLANG_ANALYZER_NUMBER_OBJECT_CONVERSION = YES_AGGRESSIVE;
				CLANG_CXX_LANGUAGE_STANDARD = "gnu++20";
				CLANG_ENABLE_MODULES = YES;
				CLANG_ENABLE_OBJC_ARC = YES;
				CLANG_ENABLE_OBJC_WEAK = YES;
				CLANG_WARN_BLOCK_CAPTURE_AUTORELEASING = YES;
				CLANG_WARN_BOOL_CONVERSION = YES;
				CLANG_WARN_COMMA = YES;
				CLANG_WARN_CONSTANT_CONVERSION = YES;
				CLANG_WARN_DEPRECATED_OBJC_IMPLEMENTATIONS = YES;
				CLANG_WARN_DIRECT_OBJC_ISA_USAGE = YES_ERROR;
				CLANG_WARN_DOCUMENTATION_COMMENTS = YES;
				CLANG_WARN_EMPTY_BODY = YES;
				CLANG_WARN_ENUM_CONVERSION = YES;
				CLANG_WARN_INFINITE_RECURSION = YES;
				CLANG_WARN_INT_CONVERSION = YES;
				CLANG_WARN_NON_LITERAL_NULL_CONVERSION = YES;
				CLANG_WARN_OBJC_IMPLICIT_RETAIN_SELF = YES;
				CLANG_WARN_OBJC_LITERAL_CONVERSION = YES;
				CLANG_WARN_OBJC_ROOT_CLASS = YES_ERROR;
				CLANG_WARN_QUOTED_INCLUDE_IN_FRAMEWORK_HEADER = YES;
				CLANG_WARN_RANGE_LOOP_ANALYSIS = YES;
				CLANG_WARN_STRICT_PROTOTYPES = YES;
				CLANG_WARN_SUSPICIOUS_MOVE = YES;
				CLANG_WARN_UNGUARDED_AVAILABILITY = YES_AGGRESSIVE;
				CLANG_WARN_UNREACHABLE_CODE = YES;
				CLANG_WARN__DUPLICATE_METHOD_MATCH = YES;
				COPY_PHASE_STRIP = NO;
				DEBUG_INFORMATION_FORMAT = "dwarf-with-dsym";
				ENABLE_NS_ASSERTIONS = NO;
				ENABLE_STRICT_OBJC_MSGSEND = YES;
				ENABLE_USER_SCRIPT_SANDBOXING = YES;
				GCC_C_LANGUAGE_STANDARD = gnu17;
				GCC_NO_COMMON_BLOCKS = YES;
				GCC_WARN_64_TO_32_BIT_CONVERSION = YES;
				GCC_WARN_ABOUT_RETURN_TYPE = YES_ERROR;
				GCC_WARN_UNDECLARED_SELECTOR = YES;
				GCC_WARN_UNINITIALIZED_AUTOS = YES_AGGRESSIVE;
				GCC_WARN_UNUSED_FUNCTION = YES;
				GCC_WARN_UNUSED_VARIABLE = YES;
				LOCALIZATION_PREFERS_STRING_CATALOGS = YES;
				MACOSX_DEPLOYMENT_TARGET = 11.0;
				MTL_ENABLE_DEBUG_INFO = NO;
				MTL_FAST_MATH = YES;
				SDKROOT = macosx;
				SWIFT_COMPILATION_MODE = wholemodule;
			};
			name = Release;
		};
		39D0B1792FFC8981001396A8 /* Debug */ = {
			isa = XCBuildConfiguration;
			buildSettings = {
				CODE_SIGN_STYLE = Automatic;
				CURRENT_PROJECT_VERSION = 1;
				ENABLE_APP_SANDBOX = YES;
				ENABLE_HARDENED_RUNTIME = YES;
				GENERATE_INFOPLIST_FILE = YES;
				INFOPLIST_FILE = "SafariEnterGuard Extension/Info.plist";
				INFOPLIST_KEY_CFBundleDisplayName = "Safari Enter Guard";
				INFOPLIST_KEY_NSHumanReadableCopyright = "";
				LD_RUNPATH_SEARCH_PATHS = (
					"$(inherited)",
					"@executable_path/../Frameworks",
					"@executable_path/../../../../Frameworks",
				);
				MACOSX_DEPLOYMENT_TARGET = 11.0;
				MARKETING_VERSION = 1.0;
				OTHER_LDFLAGS = (
					"-framework",
					SafariServices,
				);
				PRODUCT_BUNDLE_IDENTIFIER = com.example.SafariEnterGuard.Extension;
				PRODUCT_NAME = "$(TARGET_NAME)";
				SKIP_INSTALL = YES;
				STRING_CATALOG_GENERATE_SYMBOLS = YES;
				SWIFT_APPROACHABLE_CONCURRENCY = YES;
				SWIFT_EMIT_LOC_STRINGS = YES;
				SWIFT_UPCOMING_FEATURE_MEMBER_IMPORT_VISIBILITY = YES;
				SWIFT_VERSION = 5.0;
			};
			name = Debug;
		};
		39D0B17A2FFC8981001396A8 /* Release */ = {
			isa = XCBuildConfiguration;
			buildSettings = {
				CODE_SIGN_STYLE = Automatic;
				CURRENT_PROJECT_VERSION = 1;
				ENABLE_APP_SANDBOX = YES;
				ENABLE_HARDENED_RUNTIME = YES;
				GENERATE_INFOPLIST_FILE = YES;
				INFOPLIST_FILE = "SafariEnterGuard Extension/Info.plist";
				INFOPLIST_KEY_CFBundleDisplayName = "Safari Enter Guard";
				INFOPLIST_KEY_NSHumanReadableCopyright = "";
				LD_RUNPATH_SEARCH_PATHS = (
					"$(inherited)",
					"@executable_path/../Frameworks",
					"@executable_path/../../../../Frameworks",
				);
				MACOSX_DEPLOYMENT_TARGET = 11.0;
				MARKETING_VERSION = 1.0;
				OTHER_LDFLAGS = (
					"-framework",
					SafariServices,
				);
				PRODUCT_BUNDLE_IDENTIFIER = com.example.SafariEnterGuard.Extension;
				PRODUCT_NAME = "$(TARGET_NAME)";
				SKIP_INSTALL = YES;
				STRING_CATALOG_GENERATE_SYMBOLS = YES;
				SWIFT_APPROACHABLE_CONCURRENCY = YES;
				SWIFT_EMIT_LOC_STRINGS = YES;
				SWIFT_UPCOMING_FEATURE_MEMBER_IMPORT_VISIBILITY = YES;
				SWIFT_VERSION = 5.0;
			};
			name = Release;
		};
		39D0B17D2FFC8981001396A8 /* Debug */ = {
			isa = XCBuildConfiguration;
			buildSettings = {
				ASSETCATALOG_COMPILER_APPICON_NAME = AppIcon;
				ASSETCATALOG_COMPILER_GLOBAL_ACCENT_COLOR_NAME = AccentColor;
				CODE_SIGN_STYLE = Automatic;
				COMBINE_HIDPI_IMAGES = YES;
				CURRENT_PROJECT_VERSION = 1;
				ENABLE_APP_SANDBOX = YES;
				ENABLE_HARDENED_RUNTIME = YES;
				GENERATE_INFOPLIST_FILE = YES;
				INFOPLIST_FILE = SafariEnterGuard/Info.plist;
				INFOPLIST_KEY_CFBundleDisplayName = "Safari Enter Guard";
				INFOPLIST_KEY_NSHumanReadableCopyright = "";
				INFOPLIST_KEY_NSMainStoryboardFile = Main;
				INFOPLIST_KEY_NSPrincipalClass = NSApplication;
				LD_RUNPATH_SEARCH_PATHS = (
					"$(inherited)",
					"@executable_path/../Frameworks",
				);
				MARKETING_VERSION = 1.0;
				OTHER_LDFLAGS = (
					"-framework",
					SafariServices,
					"-framework",
					WebKit,
				);
				PRODUCT_BUNDLE_IDENTIFIER = com.example.SafariEnterGuard;
				PRODUCT_NAME = "$(TARGET_NAME)";
				STRING_CATALOG_GENERATE_SYMBOLS = YES;
				SWIFT_APPROACHABLE_CONCURRENCY = YES;
				SWIFT_DEFAULT_ACTOR_ISOLATION = MainActor;
				SWIFT_EMIT_LOC_STRINGS = YES;
				SWIFT_UPCOMING_FEATURE_MEMBER_IMPORT_VISIBILITY = YES;
				SWIFT_VERSION = 5.0;
			};
			name = Debug;
		};
		39D0B17E2FFC8981001396A8 /* Release */ = {
			isa = XCBuildConfiguration;
			buildSettings = {
				ASSETCATALOG_COMPILER_APPICON_NAME = AppIcon;
				ASSETCATALOG_COMPILER_GLOBAL_ACCENT_COLOR_NAME = AccentColor;
				CODE_SIGN_STYLE = Automatic;
				COMBINE_HIDPI_IMAGES = YES;
				CURRENT_PROJECT_VERSION = 1;
				ENABLE_APP_SANDBOX = YES;
				ENABLE_HARDENED_RUNTIME = YES;
				GENERATE_INFOPLIST_FILE = YES;
				INFOPLIST_FILE = SafariEnterGuard/Info.plist;
				INFOPLIST_KEY_CFBundleDisplayName = "Safari Enter Guard";
				INFOPLIST_KEY_NSHumanReadableCopyright = "";
				INFOPLIST_KEY_NSMainStoryboardFile = Main;
				INFOPLIST_KEY_NSPrincipalClass = NSApplication;
				LD_RUNPATH_SEARCH_PATHS = (
					"$(inherited)",
					"@executable_path/../Frameworks",
				);
				MARKETING_VERSION = 1.0;
				OTHER_LDFLAGS = (
					"-framework",
					SafariServices,
					"-framework",
					WebKit,
				);
				PRODUCT_BUNDLE_IDENTIFIER = com.example.SafariEnterGuard;
				PRODUCT_NAME = "$(TARGET_NAME)";
				STRING_CATALOG_GENERATE_SYMBOLS = YES;
				SWIFT_APPROACHABLE_CONCURRENCY = YES;
				SWIFT_DEFAULT_ACTOR_ISOLATION = MainActor;
				SWIFT_EMIT_LOC_STRINGS = YES;
				SWIFT_UPCOMING_FEATURE_MEMBER_IMPORT_VISIBILITY = YES;
				SWIFT_VERSION = 5.0;
			};
			name = Release;
		};
/* End XCBuildConfiguration section */

/* Begin XCConfigurationList section */
		39D0B14E2FFC897F001396A8 /* Build configuration list for PBXProject "SafariEnterGuard" */ = {
			isa = XCConfigurationList;
			buildConfigurations = (
				39D0B1762FFC8981001396A8 /* Debug */,
				39D0B1772FFC8981001396A8 /* Release */,
			);
			defaultConfigurationIsVisible = 0;
			defaultConfigurationName = Release;
		};
		39D0B1782FFC8981001396A8 /* Build configuration list for PBXNativeTarget "SafariEnterGuard Extension" */ = {
			isa = XCConfigurationList;
			buildConfigurations = (
				39D0B1792FFC8981001396A8 /* Debug */,
				39D0B17A2FFC8981001396A8 /* Release */,
			);
			defaultConfigurationIsVisible = 0;
			defaultConfigurationName = Release;
		};
		39D0B17C2FFC8981001396A8 /* Build configuration list for PBXNativeTarget "SafariEnterGuard" */ = {
			isa = XCConfigurationList;
			buildConfigurations = (
				39D0B17D2FFC8981001396A8 /* Debug */,
				39D0B17E2FFC8981001396A8 /* Release */,
			);
			defaultConfigurationIsVisible = 0;
			defaultConfigurationName = Release;
		};
/* End XCConfigurationList section */
	};
	rootObject = 39D0B14B2FFC897F001396A8 /* Project object */;
}
